// !$*UTF8*$!
{
	archiveVersion = 1;
	classes = {
	};
	objectVersion = 56;
	objects = {

/* Begin PBXBuildFile section */
		ACFB2988292E690E001E3E8D /* ChatAppApp.swift in Sources */ = {isa = PBXBuildFile; fileRef = ACFB2987292E690E001E3E8D /* ChatAppApp.swift */; };
		ACFB298A292E690E001E3E8D /* ContentView.swift in Sources */ = {isa = PBXBuildFile; fileRef = ACFB2989292E690E001E3E8D /* ContentView.swift */; };
		ACFB298C292E690F001E3E8D /* Assets.xcassets in Resources */ = {isa = PBXBuildFile; fileRef = ACFB298B292E690F001E3E8D /* Assets.xcassets */; };
		ACFB298F292E690F001E3E8D /* Preview Assets.xcassets in Resources */ = {isa = PBXBuildFile; fileRef = ACFB298E292E690F001E3E8D /* Preview Assets.xcassets */; };
		ACFB2999292E6AD3001E3E8D /* TitleRowView.swift in Sources */ = {isa = PBXBuildFile; fileRef = ACFB2998292E6AD3001E3E8D /* TitleRowView.swift */; };
		ACFB299C292E6CF3001E3E8D /* Message.swift in Sources */ = {isa = PBXBuildFile; fileRef = ACFB299B292E6CF3001E3E8D /* Message.swift */; };
		ACFB299E292E6E91001E3E8D /* MessageBubbleView.swift in Sources */ = {isa = PBXBuildFile; fileRef = ACFB299D292E6E91001E3E8D /* MessageBubbleView.swift */; };
		ACFB29A1292E71FB001E3E8D /* Extensions.swift in Sources */ = {isa = PBXBuildFile; fileRef = ACFB29A0292E71FB001E3E8D /* Extensions.swift */; };
		ACFB29A3292E76AA001E3E8D /* MessageFieldView.swift in Sources */ = {isa = PBXBuildFile; fileRef = ACFB29A2292E76AA001E3E8D /* MessageFieldView.swift */; };
		ACFB29A5292E8788001E3E8D /* GoogleService-Info.plist in Resources */ = {isa = PBXBuildFile; fileRef = ACFB29A4292E8788001E3E8D /* GoogleService-Info.plist */; };
		ACFB29A8292E8966001E3E8D /* FirebaseFirestore in Frameworks */ = {isa = PBXBuildFile; productRef = ACFB29A7292E8966001E3E8D /* FirebaseFirestore */; };
		ACFB29AA292E8966001E3E8D /* FirebaseFirestoreSwift in Frameworks */ = {isa = PBXBuildFile; productRef = ACFB29A9292E8966001E3E8D /* FirebaseFirestoreSwift */; };
/* End PBXBuildFile section */

/* Begin PBXFileReference section */
		ACFB2984292E690E001E3E8D /* ChatApp.app */ = {isa = PBXFileReference; explicitFileType = wrapper.application; includeInIndex = 0; path = ChatApp.app; sourceTree = BUILT_PRODUCTS_DIR; };
		ACFB2987292E690E001E3E8D /* ChatAppApp.swift */ = {isa = PBXFileReference; lastKnownFileType = sourcecode.swift; path = ChatAppApp.swift; sourceTree = "<group>"; };
		ACFB2989292E690E001E3E8D /* ContentView.swift */ = {isa = PBXFileReference; lastKnownFileType = sourcecode.swift; path = ContentView.swift; sourceTree = "<group>"; };
		ACFB298B292E690F001E3E8D /* Assets.xcassets */ = {isa = PBXFileReference; lastKnownFileType = folder.assetcatalog; path = Assets.xcassets; sourceTree = "<group>"; };
		ACFB298E292E690F001E3E8D /* Preview Assets.xcassets */ = {isa = PBXFileReference; lastKnownFileType = folder.assetcatalog; path = "Preview Assets.xcassets"; sourceTree = "<group>"; };
		ACFB2998292E6AD3001E3E8D /* TitleRowView.swift */ = {isa = PBXFileReference; lastKnownFileType = sourcecode.swift; path = TitleRowView.swift; sourceTree = "<group>"; };
		ACFB299B292E6CF3001E3E8D /* Message.swift */ = {isa = PBXFileReference; lastKnownFileType = sourcecode.swift; path = Message.swift; sourceTree = "<group>"; };
		ACFB299D292E6E91001E3E8D /* MessageBubbleView.swift */ = {isa = PBXFileReference; lastKnownFileType = sourcecode.swift; path = MessageBubbleView.swift; sourceTree = "<group>"; };
		ACFB29A0292E71FB001E3E8D /* Extensions.swift */ = {isa = PBXFileReference; lastKnownFileType = sourcecode.swift; path = Extensions.swift; sourceTree = "<group>"; };
		ACFB29A2292E76AA001E3E8D /* MessageFieldView.swift */ = {isa = PBXFileReference; lastKnownFileType = sourcecode.swift; path = MessageFieldView.swift; sourceTree = "<group>"; };
		ACFB29A4292E8788001E3E8D /* GoogleService-Info.plist */ = {isa = PBXFileReference; fileEncoding = 4; lastKnownFileType = text.plist.xml; path = "GoogleService-Info.plist"; sourceTree = "<group>"; };
/* End PBXFileReference section */

/* Begin PBXFrameworksBuildPhase section */
		ACFB2981292E690E001E3E8D /* Frameworks */ = {
			isa = PBXFrameworksBuildPhase;
			buildActionMask = 2147483647;
			files = (
				ACFB29A8292E8966001E3E8D /* FirebaseFirestore in Frameworks */,
				ACFB29AA292E8966001E3E8D /* FirebaseFirestoreSwift in Frameworks */,
			);
			runOnlyForDeploymentPostprocessing = 0;
		};
/* End PBXFrameworksBuildPhase section */

/* Begin PBXGroup section */
		ACFB297B292E690E001E3E8D = {
			isa = PBXGroup;
			children = (
				ACFB2986292E690E001E3E8D /* ChatApp */,
				ACFB2985292E690E001E3E8D /* Products */,
			);
			sourceTree = "<group>";
		};
		ACFB2985292E690E001E3E8D /* Products */ = {
			isa = PBXGroup;
			children = (
				ACFB2984292E690E001E3E8D /* ChatApp.app */,
			);
			name = Products;
			sourceTree = "<group>";
		};
		ACFB2986292E690E001E3E8D /* ChatApp */ = {
			isa = PBXGroup;
			children = (
				ACFB2987292E690E001E3E8D /* ChatAppApp.swift */,
				ACFB299F292E71F0001E3E8D /* Extensions */,
				ACFB299A292E6CEA001E3E8D /* Model */,
				ACFB2995292E6AAC001E3E8D /* View */,
				ACFB298B292E690F001E3E8D /* Assets.xcassets */,
				ACFB29A4292E8788001E3E8D /* GoogleService-Info.plist */,
				ACFB298D292E690F001E3E8D /* Preview Content */,
			);
			path = ChatApp;
			sourceTree = "<group>";
		};
		ACFB298D292E690F001E3E8D /* Preview Content */ = {
			isa = PBXGroup;
			children = (
				ACFB298E292E690F001E3E8D /* Preview Assets.xcassets */,
			);
			path = "Preview Content";
			sourceTree = "<group>";
		};
		ACFB2995292E6AAC001E3E8D /* View */ = {
			isa = PBXGroup;
			children = (
				ACFB2989292E690E001E3E8D /* ContentView.swift */,
				ACFB2998292E6AD3001E3E8D /* TitleRowView.swift */,
				ACFB299D292E6E91001E3E8D /* MessageBubbleView.swift */,
				ACFB29A2292E76AA001E3E8D /* MessageFieldView.swift */,
			);
			path = View;
			sourceTree = "<group>";
		};
		ACFB299A292E6CEA001E3E8D /* Model */ = {
			isa = PBXGroup;
			children = (
				ACFB299B292E6CF3001E3E8D /* Message.swift */,
			);
			name = Model;
			sourceTree = "<group>";
		};
		ACFB299F292E71F0001E3E8D /* Extensions */ = {
			isa = PBXGroup;
			children = (
				ACFB29A0292E71FB001E3E8D /* Extensions.swift */,
			);
			path = Extensions;
			sourceTree = "<group>";
		};
/* End PBXGroup section */

/* Begin PBXNativeTarget section */
		ACFB2983292E690E001E3E8D /* ChatApp */ = {
			isa = PBXNativeTarget;
			buildConfigurationList = ACFB2992292E690F001E3E8D /* Build configuration list for PBXNativeTarget "ChatApp" */;
			buildPhases = (
				ACFB2980292E690E001E3E8D /* Sources */,
				ACFB2981292E690E001E3E8D /* Frameworks */,
				ACFB2982292E690E001E3E8D /* Resources */,
			);
			buildRules = (
			);
			dependencies = (
			);
			name = ChatApp;
			packageProductDependencies = (
				ACFB29A7292E8966001E3E8D /* FirebaseFirestore */,
				ACFB29A9292E8966001E3E8D /* FirebaseFirestoreSwift */,
			);
			productName = ChatApp;
			productReference = ACFB2984292E690E001E3E8D /* ChatApp.app */;
			productType = "com.apple.product-type.application";
		};
/* End PBXNativeTarget section */

/* Begin PBXProject section */
		ACFB297C292E690E001E3E8D /* Project object */ = {
			isa = PBXProject;
			attributes = {
				BuildIndependentTargetsInParallel = 1;
				LastSwiftUpdateCheck = 1410;
				LastUpgradeCheck = 1410;
				TargetAttributes = {
					ACFB2983292E690E001E3E8D = {
						CreatedOnToolsVersion = 14.1;
					};
				};
			};
			buildConfigurationList = ACFB297F292E690E001E3E8D /* Build configuration list for PBXProject "ChatApp" */;
			compatibilityVersion = "Xcode 14.0";
			developmentRegion = en;
			hasScannedForEncodings = 0;
			knownRegions = (
				en,
				Base,
			);
			mainGroup = ACFB297B292E690E001E3E8D;
			packageReferences = (
				ACFB29A6292E8966001E3E8D /* XCRemoteSwiftPackageReference "firebase-ios-sdk" */,
			);
			productRefGroup = ACFB2985292E690E001E3E8D /* Products */;
			projectDirPath = "";
			projectRoot = "";
			targets = (
				ACFB2983292E690E001E3E8D /* ChatApp */,
			);
		};
/* End PBXProject section */

/* Begin PBXResourcesBuildPhase section */
		ACFB2982292E690E001E3E8D /* Resources */ = {
			isa = PBXResourcesBuildPhase;
			buildActionMask = 2147483647;
			files = (
				ACFB298F292E690F001E3E8D /* Preview Assets.xcassets in Resources */,
				ACFB298C292E690F001E3E8D /* Assets.xcassets in Resources */,
				ACFB29A5292E8788001E3E8D /* GoogleService-Info.plist in Resources */,
			);
			runOnlyForDeploymentPostprocessing = 0;
		};
/* End PBXResourcesBuildPhase section */

/* Begin PBXSourcesBuildPhase section */
		ACFB2980292E690E001E3E8D /* Sources */ = {
			isa = PBXSourcesBuildPhase;
			buildActionMask = 2147483647;
			files = (
				ACFB29A3292E76AA001E3E8D /* MessageFieldView.swift in Sources */,
				ACFB298A292E690E001E3E8D /* ContentView.swift in Sources */,
				ACFB29A1292E71FB001E3E8D /* Extensions.swift in Sources */,
				ACFB299C292E6CF3001E3E8D /* Message.swift in Sources */,
				ACFB2988292E690E001E3E8D /* ChatAppApp.swift in Sources */,
				ACFB2999292E6AD3001E3E8D /* TitleRowView.swift in Sources */,
				ACFB299E292E6E91001E3E8D /* MessageBubbleView.swift in Sources */,
			);
			runOnlyForDeploymentPostprocessing = 0;
		};
/* End PBXSourcesBuildPhase section */

/* Begin XCBuildConfiguration section */
		ACFB2990292E690F001E3E8D /* Debug */ = {
			isa = XCBuildConfiguration;
			buildSettings = {
				ALWAYS_SEARCH_USER_PATHS = NO;
				CLANG_ANALYZER_NONNULL = YES;
				CLANG_ANALYZER_NUMBER_OBJECT_CONVERSION = YES_AGGRESSIVE;
				CLANG_CXX_LANGUAGE_STANDARD = "gnu++20";
				CLANG_ENABLE_MODULES = YES;
				CLANG_ENABLE_OBJC_ARC = YES;
				CLANG_ENABLE_OBJC_WEAK = YES;
				CLANG_WARN_BLOCK_CAPTURE_AUTORELEASING = YES;
				CLANG_WARN_BOOL_CONVERSION = YES;
				CLANG_WARN_COMMA = YES;
				CLANG_WARN_CONSTANT_CONVERSION = YES;
				CLANG_WARN_DEPRECATED_OBJC_IMPLEMENTATIONS = YES;
				CLANG_WARN_DIRECT_OBJC_ISA_USAGE = YES_ERROR;
				CLANG_WARN_DOCUMENTATION_COMMENTS = YES;
				CLANG_WARN_EMPTY_BODY = YES;
				CLANG_WARN_ENUM_CONVERSION = YES;
				CLANG_WARN_INFINITE_RECURSION = YES;
				CLANG_WARN_INT_CONVERSION = YES;
				CLANG_WARN_NON_LITERAL_NULL_CONVERSION = YES;
				CLANG_WARN_OBJC_IMPLICIT_RETAIN_SELF = YES;
				CLANG_WARN_OBJC_LITERAL_CONVERSION = YES;
				CLANG_WARN_OBJC_ROOT_CLASS = YES_ERROR;
				CLANG_WARN_QUOTED_INCLUDE_IN_FRAMEWORK_HEADER = YES;
				CLANG_WARN_RANGE_LOOP_ANALYSIS = YES;
				CLANG_WARN_STRICT_PROTOTYPES = YES;
				CLANG_WARN_SUSPICIOUS_MOVE = YES;
				CLANG_WARN_UNGUARDED_AVAILABILITY = YES_AGGRESSIVE;
				CLANG_WARN_UNREACHABLE_CODE = YES;
				CLANG_WARN__DUPLICATE_METHOD_MATCH = YES;
				COPY_PHASE_STRIP = NO;
				DEBUG_INFORMATION_FORMAT = dwarf;
				ENABLE_STRICT_OBJC_MSGSEND = YES;
				ENABLE_TESTABILITY = YES;
				GCC_C_LANGUAGE_STANDARD = gnu11;
				GCC_DYNAMIC_NO_PIC = NO;
				GCC_NO_COMMON_BLOCKS = YES;
				GCC_OPTIMIZATION_LEVEL = 0;
				GCC_PREPROCESSOR_DEFINITIONS = (
					"DEBUG=1",
					"$(inherited)",
				);
				GCC_WARN_64_TO_32_BIT_CONVERSION = YES;
				GCC_WARN_ABOUT_RETURN_TYPE = YES_ERROR;
				GCC_WARN_UNDECLARED_SELECTOR = YES;
				GCC_WARN_UNINITIALIZED_AUTOS = YES_AGGRESSIVE;
				GCC_WARN_UNUSED_FUNCTION = YES;
				GCC_WARN_UNUSED_VARIABLE = YES;
				IPHONEOS_DEPLOYMENT_TARGET = 16.1;
				MTL_ENABLE_DEBUG_INFO = INCLUDE_SOURCE;
				MTL_FAST_MATH = YES;
				ONLY_ACTIVE_ARCH = YES;
				SDKROOT = iphoneos;
				SWIFT_ACTIVE_COMPILATION_CONDITIONS = DEBUG;
				SWIFT_OPTIMIZATION_LEVEL = "-Onone";
			};
			name = Debug;
		};
		ACFB2991292E690F001E3E8D /* Release */ = {
			isa = XCBuildConfiguration;
			buildSettings = {
				ALWAYS_SEARCH_USER_PATHS = NO;
				CLANG_ANALYZER_NONNULL = YES;
				CLANG_ANALYZER_NUMBER_OBJECT_CONVERSION = YES_AGGRESSIVE;
				CLANG_CXX_LANGUAGE_STANDARD = "gnu++20";
				CLANG_ENABLE_MODULES = YES;
				CLANG_ENABLE_OBJC_ARC = YES;
				CLANG_ENABLE_OBJC_WEAK = YES;
				CLANG_WARN_BLOCK_CAPTURE_AUTORELEASING = YES;
				CLANG_WARN_BOOL_CONVERSION = YES;
				CLANG_WARN_COMMA = YES;
				CLANG_WARN_CONSTANT_CONVERSION = YES;
				CLANG_WARN_DEPRECATED_OBJC_IMPLEMENTATIONS = YES;
				CLANG_WARN_DIRECT_OBJC_ISA_USAGE = YES_ERROR;
				CLANG_WARN_DOCUMENTATION_COMMENTS = YES;
				CLANG_WARN_EMPTY_BODY = YES;
				CLANG_WARN_ENUM_CONVERSION = YES;
				CLANG_WARN_INFINITE_RECURSION = YES;
				CLANG_WARN_INT_CONVERSION = YES;
				CLANG_WARN_NON_LITERAL_NULL_CONVERSION = YES;
				CLANG_WARN_OBJC_IMPLICIT_RETAIN_SELF = YES;
				CLANG_WARN_OBJC_LITERAL_CONVERSION = YES;
				CLANG_WARN_OBJC_ROOT_CLASS = YES_ERROR;
				CLANG_WARN_QUOTED_INCLUDE_IN_FRAMEWORK_HEADER = YES;
				CLANG_WARN_RANGE_LOOP_ANALYSIS = YES;
				CLANG_WARN_STRICT_PROTOTYPES = YES;
				CLANG_WARN_SUSPICIOUS_MOVE = YES;
				CLANG_WARN_UNGUARDED_AVAILABILITY = YES_AGGRESSIVE;
				CLANG_WARN_UNREACHABLE_CODE = YES;
				CLANG_WARN__DUPLICATE_METHOD_MATCH = YES;
				COPY_PHASE_STRIP = NO;
				DEBUG_INFORMATION_FORMAT = "dwarf-with-dsym";
				ENABLE_NS_ASSERTIONS = NO;
				ENABLE_STRICT_OBJC_MSGSEND = YES;
				GCC_C_LANGUAGE_STANDARD = gnu11;
				GCC_NO_COMMON_BLOCKS = YES;
				GCC_WARN_64_TO_32_BIT_CONVERSION = YES;
				GCC_WARN_ABOUT_RETURN_TYPE = YES_ERROR;
				GCC_WARN_UNDECLARED_SELECTOR = YES;
				GCC_WARN_UNINITIALIZED_AUTOS = YES_AGGRESSIVE;
				GCC_WARN_UNUSED_FUNCTION = YES;
				GCC_WARN_UNUSED_VARIABLE = YES;
				IPHONEOS_DEPLOYMENT_TARGET = 16.1;
				MTL_ENABLE_DEBUG_INFO = NO;
				MTL_FAST_MATH = YES;
				SDKROOT = iphoneos;
				SWIFT_COMPILATION_MODE = wholemodule;
				SWIFT_OPTIMIZATION_LEVEL = "-O";
				VALIDATE_PRODUCT = YES;
			};
			name = Release;
		};
		ACFB2993292E690F001E3E8D /* Debug */ = {
			isa = XCBuildConfiguration;
			buildSettings = {
				ASSETCATALOG_COMPILER_APPICON_NAME = AppIcon;
				ASSETCATALOG_COMPILER_GLOBAL_ACCENT_COLOR_NAME = AccentColor;
				CODE_SIGN_STYLE = Automatic;
				CURRENT_PROJECT_VERSION = 1;
				DEVELOPMENT_ASSET_PATHS = "\"ChatApp/Preview Content\"";
				DEVELOPMENT_TEAM = M4SYRBQBFW;
				ENABLE_PREVIEWS = YES;
				GENERATE_INFOPLIST_FILE = YES;
				INFOPLIST_KEY_UIApplicationSceneManifest_Generation = YES;
				INFOPLIST_KEY_UIApplicationSupportsIndirectInputEvents = YES;
				INFOPLIST_KEY_UILaunchScreen_Generation = YES;
				INFOPLIST_KEY_UISupportedInterfaceOrientations_iPad = "UIInterfaceOrientationPortrait UIInterfaceOrientationPortraitUpsideDown UIInterfaceOrientationLandscapeLeft UIInterfaceOrientationLandscapeRight";
				INFOPLIST_KEY_UISupportedInterfaceOrientations_iPhone = "UIInterfaceOrientationPortrait UIInterfaceOrientationLandscapeLeft UIInterfaceOrientationLandscapeRight";
				LD_RUNPATH_SEARCH_PATHS = (
					"$(inherited)",
					"@executable_path/Frameworks",
				);
				MARKETING_VERSION = 1.0;
				PRODUCT_BUNDLE_IDENTIFIER = com.AhmedAmin.ChatApp;
				PRODUCT_NAME = "$(TARGET_NAME)";
				SWIFT_EMIT_LOC_STRINGS = YES;
				SWIFT_VERSION = 5.0;
				TARGETED_DEVICE_FAMILY = "1,2";
			};
			name = Debug;
		};
		ACFB2994292E690F001E3E8D /* Release */ = {
			isa = XCBuildConfiguration;
			buildSettings = {
				ASSETCATALOG_COMPILER_APPICON_NAME = AppIcon;
				ASSETCATALOG_COMPILER_GLOBAL_ACCENT_COLOR_NAME = AccentColor;
				CODE_SIGN_STYLE = Automatic;
				CURRENT_PROJECT_VERSION = 1;
				DEVELOPMENT_ASSET_PATHS = "\"ChatApp/Preview Content\"";
				DEVELOPMENT_TEAM = M4SYRBQBFW;
				ENABLE_PREVIEWS = YES;
				GENERATE_INFOPLIST_FILE = YES;
				INFOPLIST_KEY_UIApplicationSceneManifest_Generation = YES;
				INFOPLIST_KEY_UIApplicationSupportsIndirectInputEvents = YES;
				INFOPLIST_KEY_UILaunchScreen_Generation = YES;
				INFOPLIST_KEY_UISupportedInterfaceOrientations_iPad = "UIInterfaceOrientationPortrait UIInterfaceOrientationPortraitUpsideDown UIInterfaceOrientationLandscapeLeft UIInterfaceOrientationLandscapeRight";
				INFOPLIST_KEY_UISupportedInterfaceOrientations_iPhone = "UIInterfaceOrientationPortrait UIInterfaceOrientationLandscapeLeft UIInterfaceOrientationLandscapeRight";
				LD_RUNPATH_SEARCH_PATHS = (
					"$(inherited)",
					"@executable_path/Frameworks",
				);
				MARKETING_VERSION = 1.0;
				PRODUCT_BUNDLE_IDENTIFIER = com.AhmedAmin.ChatApp;
				PRODUCT_NAME = "$(TARGET_NAME)";
				SWIFT_EMIT_LOC_STRINGS = YES;
				SWIFT_VERSION = 5.0;
				TARGETED_DEVICE_FAMILY = "1,2";
			};
			name = Release;
		};
/* End XCBuildConfiguration section */

/* Begin XCConfigurationList section */
		ACFB297F292E690E001E3E8D /* Build configuration list for PBXProject "ChatApp" */ = {
			isa = XCConfigurationList;
			buildConfigurations = (
				ACFB2990292E690F001E3E8D /* Debug */,
				ACFB2991292E690F001E3E8D /* Release */,
			);
			defaultConfigurationIsVisible = 0;
			defaultConfigurationName = Release;
		};
		ACFB2992292E690F001E3E8D /* Build configuration list for PBXNativeTarget "ChatApp" */ = {
			isa = XCConfigurationList;
			buildConfigurations = (
				ACFB2993292E690F001E3E8D /* Debug */,
				ACFB2994292E690F001E3E8D /* Release */,
			);
			defaultConfigurationIsVisible = 0;
			defaultConfigurationName = Release;
		};
/* End XCConfigurationList section */

/* Begin XCRemoteSwiftPackageReference section */
		ACFB29A6292E8966001E3E8D /* XCRemoteSwiftPackageReference "firebase-ios-sdk" */ = {
			isa = XCRemoteSwiftPackageReference;
			repositoryURL = "https://github.com/firebase/firebase-ios-sdk";
			requirement = {
				kind = upToNextMajorVersion;
				minimumVersion = 9.0.0;
			};
		};
/* End XCRemoteSwiftPackageReference section */

/* Begin XCSwiftPackageProductDependency section */
		ACFB29A7292E8966001E3E8D /* FirebaseFirestore */ = {
			isa = XCSwiftPackageProductDependency;
			package = ACFB29A6292E8966001E3E8D /* XCRemoteSwiftPackageReference "firebase-ios-sdk" */;
			productName = FirebaseFirestore;
		};
		ACFB29A9292E8966001E3E8D /* FirebaseFirestoreSwift */ = {
			isa = XCSwiftPackageProductDependency;
			package = ACFB29A6292E8966001E3E8D /* XCRemoteSwiftPackageReference "firebase-ios-sdk" */;
			productName = FirebaseFirestoreSwift;
		};
/* End XCSwiftPackageProductDependency section */
	};
	rootObject = ACFB297C292E690E001E3E8D /* Project object */;
}
